
Microsoft Visual Studio Solution File, Format Version 12.00
# Visual Studio Version 17
VisualStudioVersion = 17.2.32616.157
MinimumVisualStudioVersion = 10.0.40219.1
Project("{FAE04EC0-301F-11D3-BF4B-00C04F79EFBC}") = "orders", "orders\orders.csproj", "{BE65FA34-31F0-4C66-A8C6-9BC479789CF9}"
EndProject
Global
	GlobalSection(SolutionConfigurationPlatforms) = preSolution
		Debug|Any CPU = Debug|Any CPU
		Release|Any CPU = Release|Any CPU
	EndGlobalSection
	GlobalSection(ProjectConfigurationPlatforms) = postSolution
		{BE65FA34-31F0-4C66-A8C6-9BC479789CF9}.Debug|Any CPU.ActiveCfg = Debug|Any CPU
		{BE65FA34-31F0-4C66-A8C6-9BC479789CF9}.Debug|Any CPU.Build.0 = Debug|Any CPU
		{BE65FA34-31F0-4C66-A8C6-9BC479789CF9}.Release|Any CPU.ActiveCfg = Release|Any CPU
		{BE65FA34-31F0-4C66-A8C6-9BC479789CF9}.Release|Any CPU.Build.0 = Release|Any CPU
	EndGlobalSection
	GlobalSection(SolutionProperties) = preSolution
		HideSolutionNode = FALSE
	EndGlobalSection
	GlobalSection(ExtensibilityGlobals) = postSolution
		SolutionGuid = {AE616B4E-9979-4B5A-B5DB-1AFA1819AD41}
	EndGlobalSection
EndGlobal
